{
  "object": {
    "pins": [
      {
        "package": "MachOParser",
        "repositoryURL": "git@github.com:kateinoigakukun/MachOParser.git",
        "state": {
          "branch": "master",
          "revision": "c664b8b1be0a66a9ac324526a08a8194355a3907",
          "version": null
        }
      }
    ]
  },
  "version": 1
}
