{
  "object": {
    "pins": [
      {
        "package": "MachOParser",
        "repositoryURL": "git@github.com:kateinoigakukun/MachOParser.git",
        "state": {
          "branch": "master",
          "revision": "c13d5f9d02b7504b60e660f0a8ba5a040f9c15ed",
          "version": null
        }
      }
    ]
  },
  "version": 1
}
